Microsoft Visual Studio Solution File, Format Version 11.00
# Visual Studio 2008

Project("{9020AE97-E5F9-8D60-CE6A-5E7D519E1EB5}") = "ZapCode", "Assembly-CSharp.csproj", "{B4F08336-774B-9000-6729-427199E99C31}"
EndProject
Project("{9020AE97-E5F9-8D60-CE6A-5E7D519E1EB5}") = "ZapCode", "Assembly-CSharp-Editor.csproj", "{BCCC51B5-7B4A-BEA7-DF67-0FFE9871392A}"
EndProject
Project("{9020AE97-E5F9-8D60-CE6A-5E7D519E1EB5}") = "ZapCode", "Assembly-UnityScript-firstpass.unityproj", "{AA93F149-231C-9FDC-CA0D-1A1316D2127E}"
EndProject
Global
	GlobalSection(SolutionConfigurationPlatforms) = preSolution
		Debug|Any CPU = Debug|Any CPU
		Release|Any CPU = Release|Any CPU
	EndGlobalSection
	GlobalSection(ProjectConfigurationPlatforms) = postSolution
		{B4F08336-774B-9000-6729-427199E99C31}.Debug|Any CPU.ActiveCfg = Debug|Any CPU
		{B4F08336-774B-9000-6729-427199E99C31}.Debug|Any CPU.Build.0 = Debug|Any CPU
		{B4F08336-774B-9000-6729-427199E99C31}.Release|Any CPU.ActiveCfg = Release|Any CPU
		{B4F08336-774B-9000-6729-427199E99C31}.Release|Any CPU.Build.0 = Release|Any CPU
		{BCCC51B5-7B4A-BEA7-DF67-0FFE9871392A}.Debug|Any CPU.ActiveCfg = Debug|Any CPU
		{BCCC51B5-7B4A-BEA7-DF67-0FFE9871392A}.Debug|Any CPU.Build.0 = Debug|Any CPU
		{BCCC51B5-7B4A-BEA7-DF67-0FFE9871392A}.Release|Any CPU.ActiveCfg = Release|Any CPU
		{BCCC51B5-7B4A-BEA7-DF67-0FFE9871392A}.Release|Any CPU.Build.0 = Release|Any CPU
		{AA93F149-231C-9FDC-CA0D-1A1316D2127E}.Debug|Any CPU.ActiveCfg = Debug|Any CPU
		{AA93F149-231C-9FDC-CA0D-1A1316D2127E}.Debug|Any CPU.Build.0 = Debug|Any CPU
		{AA93F149-231C-9FDC-CA0D-1A1316D2127E}.Release|Any CPU.ActiveCfg = Release|Any CPU
		{AA93F149-231C-9FDC-CA0D-1A1316D2127E}.Release|Any CPU.Build.0 = Release|Any CPU
	EndGlobalSection
	GlobalSection(SolutionProperties) = preSolution
		HideSolutionNode = FALSE
	EndGlobalSection
																GlobalSection(MonoDevelopProperties) = preSolution
		StartupItem = Assembly-CSharp.csproj
		Policies = $0
		$0.TextStylePolicy = $1
		$1.inheritsSet = null
		$1.scope = text/x-csharp
		$0.CSharpFormattingPolicy = $2
		$2.inheritsSet = Mono
		$2.inheritsScope = text/x-csharp
		$2.scope = text/x-csharp
		$0.TextStylePolicy = $3
		$3.FileWidth = 120
		$3.TabWidth = 4
		$3.EolMarker = Unix
		$3.inheritsSet = Mono
		$3.inheritsScope = text/plain
		$3.scope = text/plain
	EndGlobalSection

EndGlobal
